
Microsoft Visual Studio Solution File, Format Version 12.00
# Visual Studio 14
VisualStudioVersion = 14.0.25420.1
MinimumVisualStudioVersion = 10.0.40219.1
Project("{8BC9CEB8-8B4A-11D0-8D11-00A0C91BC942}") = "TwoListFindFirstSameNode", "TwoListFindFirstSameNode\TwoListFindFirstSameNode.vcxproj", "{93287841-EDBC-41FE-B56A-F7A3669B0DCD}"
EndProject
Project("{8BC9CEB8-8B4A-11D0-8D11-00A0C91BC942}") = "ConsoleApplication1", "ConsoleApplication1\ConsoleApplication1.vcxproj", "{0FFC8C69-83CC-472A-B779-740DFA4615F1}"
EndProject
Project("{8BC9CEB8-8B4A-11D0-8D11-00A0C91BC942}") = "NiuKeT01", "NiuKeT01\NiuKeT01.vcxproj", "{17E6CE2A-F14E-48B9-A269-063476718E58}"
EndProject
Global
	GlobalSection(SolutionConfigurationPlatforms) = preSolution
		Debug|x64 = Debug|x64
		Debug|x86 = Debug|x86
		Release|x64 = Release|x64
		Release|x86 = Release|x86
	EndGlobalSection
	GlobalSection(ProjectConfigurationPlatforms) = postSolution
		{93287841-EDBC-41FE-B56A-F7A3669B0DCD}.Debug|x64.ActiveCfg = Debug|x64
		{93287841-EDBC-41FE-B56A-F7A3669B0DCD}.Debug|x64.Build.0 = Debug|x64
		{93287841-EDBC-41FE-B56A-F7A3669B0DCD}.Debug|x86.ActiveCfg = Debug|Win32
		{93287841-EDBC-41FE-B56A-F7A3669B0DCD}.Debug|x86.Build.0 = Debug|Win32
		{93287841-EDBC-41FE-B56A-F7A3669B0DCD}.Release|x64.ActiveCfg = Release|x64
		{93287841-EDBC-41FE-B56A-F7A3669B0DCD}.Release|x64.Build.0 = Release|x64
		{93287841-EDBC-41FE-B56A-F7A3669B0DCD}.Release|x86.ActiveCfg = Release|Win32
		{93287841-EDBC-41FE-B56A-F7A3669B0DCD}.Release|x86.Build.0 = Release|Win32
		{0FFC8C69-83CC-472A-B779-740DFA4615F1}.Debug|x64.ActiveCfg = Debug|x64
		{0FFC8C69-83CC-472A-B779-740DFA4615F1}.Debug|x64.Build.0 = Debug|x64
		{0FFC8C69-83CC-472A-B779-740DFA4615F1}.Debug|x86.ActiveCfg = Debug|Win32
		{0FFC8C69-83CC-472A-B779-740DFA4615F1}.Debug|x86.Build.0 = Debug|Win32
		{0FFC8C69-83CC-472A-B779-740DFA4615F1}.Release|x64.ActiveCfg = Release|x64
		{0FFC8C69-83CC-472A-B779-740DFA4615F1}.Release|x64.Build.0 = Release|x64
		{0FFC8C69-83CC-472A-B779-740DFA4615F1}.Release|x86.ActiveCfg = Release|Win32
		{0FFC8C69-83CC-472A-B779-740DFA4615F1}.Release|x86.Build.0 = Release|Win32
		{17E6CE2A-F14E-48B9-A269-063476718E58}.Debug|x64.ActiveCfg = Debug|x64
		{17E6CE2A-F14E-48B9-A269-063476718E58}.Debug|x64.Build.0 = Debug|x64
		{17E6CE2A-F14E-48B9-A269-063476718E58}.Debug|x86.ActiveCfg = Debug|Win32
		{17E6CE2A-F14E-48B9-A269-063476718E58}.Debug|x86.Build.0 = Debug|Win32
		{17E6CE2A-F14E-48B9-A269-063476718E58}.Release|x64.ActiveCfg = Release|x64
		{17E6CE2A-F14E-48B9-A269-063476718E58}.Release|x64.Build.0 = Release|x64
		{17E6CE2A-F14E-48B9-A269-063476718E58}.Release|x86.ActiveCfg = Release|Win32
		{17E6CE2A-F14E-48B9-A269-063476718E58}.Release|x86.Build.0 = Release|Win32
	EndGlobalSection
	GlobalSection(SolutionProperties) = preSolution
		HideSolutionNode = FALSE
	EndGlobalSection
EndGlobal
